// !$*UTF8*$!
{
	archiveVersion = 1;
	classes = {
	};
	objectVersion = 51;
	objects = {

/* Begin PBXBuildFile section */
		55BBD99F62B54F669568FAD4 /* Pods_testTaskZennex.framework in Frameworks */ = {isa = PBXBuildFile; fileRef = F7C5826BDBDC64C035093D23 /* Pods_testTaskZennex.framework */; };
		FA5EF3D223DD500F006A9B5A /* AppDelegate.swift in Sources */ = {isa = PBXBuildFile; fileRef = FA5EF3D123DD500F006A9B5A /* AppDelegate.swift */; };
		FA5EF3D423DD500F006A9B5A /* SceneDelegate.swift in Sources */ = {isa = PBXBuildFile; fileRef = FA5EF3D323DD500F006A9B5A /* SceneDelegate.swift */; };
		FA5EF3D623DD500F006A9B5A /* MainViewController.swift in Sources */ = {isa = PBXBuildFile; fileRef = FA5EF3D523DD500F006A9B5A /* MainViewController.swift */; };
		FA5EF3D923DD500F006A9B5A /* Main.storyboard in Resources */ = {isa = PBXBuildFile; fileRef = FA5EF3D723DD500F006A9B5A /* Main.storyboard */; };
		FA5EF3DB23DD5012006A9B5A /* Assets.xcassets in Resources */ = {isa = PBXBuildFile; fileRef = FA5EF3DA23DD5012006A9B5A /* Assets.xcassets */; };
		FA5EF3DE23DD5012006A9B5A /* LaunchScreen.storyboard in Resources */ = {isa = PBXBuildFile; fileRef = FA5EF3DC23DD5012006A9B5A /* LaunchScreen.storyboard */; };
		FA5EF3EC23DD5246006A9B5A /* StaffTableViewCell.swift in Sources */ = {isa = PBXBuildFile; fileRef = FA5EF3EB23DD5246006A9B5A /* StaffTableViewCell.swift */; };
		FA5EF3EE23DD52D8006A9B5A /* WorkersModel.swift in Sources */ = {isa = PBXBuildFile; fileRef = FA5EF3ED23DD52D8006A9B5A /* WorkersModel.swift */; };
		FA5EF3F023DD53D3006A9B5A /* .gitignore in Resources */ = {isa = PBXBuildFile; fileRef = FA5EF3EF23DD53D3006A9B5A /* .gitignore */; };
		FA5EF3F223DD7BB6006A9B5A /* NewWorkerViewController.swift in Sources */ = {isa = PBXBuildFile; fileRef = FA5EF3F123DD7BB6006A9B5A /* NewWorkerViewController.swift */; };
		FA5EF3F523DD86B0006A9B5A /* StorageManager.swift in Sources */ = {isa = PBXBuildFile; fileRef = FA5EF3F423DD86B0006A9B5A /* StorageManager.swift */; };
/* End PBXBuildFile section */

/* Begin PBXFileReference section */
		4CD577F9F24551842A9F3B45 /* Pods-testTaskZennex.debug.xcconfig */ = {isa = PBXFileReference; includeInIndex = 1; lastKnownFileType = text.xcconfig; name = "Pods-testTaskZennex.debug.xcconfig"; path = "Target Support Files/Pods-testTaskZennex/Pods-testTaskZennex.debug.xcconfig"; sourceTree = "<group>"; };
		C48CE78BBD6871D6358DF534 /* Pods-testTaskZennex.release.xcconfig */ = {isa = PBXFileReference; includeInIndex = 1; lastKnownFileType = text.xcconfig; name = "Pods-testTaskZennex.release.xcconfig"; path = "Target Support Files/Pods-testTaskZennex/Pods-testTaskZennex.release.xcconfig"; sourceTree = "<group>"; };
		F7C5826BDBDC64C035093D23 /* Pods_testTaskZennex.framework */ = {isa = PBXFileReference; explicitFileType = wrapper.framework; includeInIndex = 0; path = Pods_testTaskZennex.framework; sourceTree = BUILT_PRODUCTS_DIR; };
		FA5EF3CE23DD500F006A9B5A /* testTaskZennex.app */ = {isa = PBXFileReference; explicitFileType = wrapper.application; includeInIndex = 0; path = testTaskZennex.app; sourceTree = BUILT_PRODUCTS_DIR; };
		FA5EF3D123DD500F006A9B5A /* AppDelegate.swift */ = {isa = PBXFileReference; lastKnownFileType = sourcecode.swift; path = AppDelegate.swift; sourceTree = "<group>"; };
		FA5EF3D323DD500F006A9B5A /* SceneDelegate.swift */ = {isa = PBXFileReference; lastKnownFileType = sourcecode.swift; path = SceneDelegate.swift; sourceTree = "<group>"; };
		FA5EF3D523DD500F006A9B5A /* MainViewController.swift */ = {isa = PBXFileReference; lastKnownFileType = sourcecode.swift; path = MainViewController.swift; sourceTree = "<group>"; };
		FA5EF3D823DD500F006A9B5A /* Base */ = {isa = PBXFileReference; lastKnownFileType = file.storyboard; name = Base; path = Base.lproj/Main.storyboard; sourceTree = "<group>"; };
		FA5EF3DA23DD5012006A9B5A /* Assets.xcassets */ = {isa = PBXFileReference; lastKnownFileType = folder.assetcatalog; path = Assets.xcassets; sourceTree = "<group>"; };
		FA5EF3DD23DD5012006A9B5A /* Base */ = {isa = PBXFileReference; lastKnownFileType = file.storyboard; name = Base; path = Base.lproj/LaunchScreen.storyboard; sourceTree = "<group>"; };
		FA5EF3DF23DD5012006A9B5A /* Info.plist */ = {isa = PBXFileReference; lastKnownFileType = text.plist.xml; path = Info.plist; sourceTree = "<group>"; };
		FA5EF3EB23DD5246006A9B5A /* StaffTableViewCell.swift */ = {isa = PBXFileReference; lastKnownFileType = sourcecode.swift; path = StaffTableViewCell.swift; sourceTree = "<group>"; };
		FA5EF3ED23DD52D8006A9B5A /* WorkersModel.swift */ = {isa = PBXFileReference; lastKnownFileType = sourcecode.swift; path = WorkersModel.swift; sourceTree = "<group>"; };
		FA5EF3EF23DD53D3006A9B5A /* .gitignore */ = {isa = PBXFileReference; lastKnownFileType = text; path = .gitignore; sourceTree = SOURCE_ROOT; };
		FA5EF3F123DD7BB6006A9B5A /* NewWorkerViewController.swift */ = {isa = PBXFileReference; lastKnownFileType = sourcecode.swift; path = NewWorkerViewController.swift; sourceTree = "<group>"; };
		FA5EF3F423DD86B0006A9B5A /* StorageManager.swift */ = {isa = PBXFileReference; lastKnownFileType = sourcecode.swift; path = StorageManager.swift; sourceTree = "<group>"; };
/* End PBXFileReference section */

/* Begin PBXFrameworksBuildPhase section */
		FA5EF3CB23DD500F006A9B5A /* Frameworks */ = {
			isa = PBXFrameworksBuildPhase;
			buildActionMask = 2147483647;
			files = (
				55BBD99F62B54F669568FAD4 /* Pods_testTaskZennex.framework in Frameworks */,
			);
			runOnlyForDeploymentPostprocessing = 0;
		};
/* End PBXFrameworksBuildPhase section */

/* Begin PBXGroup section */
		9453B7DE8DAE00708E62EFC7 /* Pods */ = {
			isa = PBXGroup;
			children = (
				4CD577F9F24551842A9F3B45 /* Pods-testTaskZennex.debug.xcconfig */,
				C48CE78BBD6871D6358DF534 /* Pods-testTaskZennex.release.xcconfig */,
			);
			path = Pods;
			sourceTree = "<group>";
		};
		FA5EF3C523DD500F006A9B5A = {
			isa = PBXGroup;
			children = (
				FA5EF3D023DD500F006A9B5A /* testTaskZennex */,
				FA5EF3CF23DD500F006A9B5A /* Products */,
				9453B7DE8DAE00708E62EFC7 /* Pods */,
				FE6FDBE49231A13875E79C8A /* Frameworks */,
			);
			sourceTree = "<group>";
		};
		FA5EF3CF23DD500F006A9B5A /* Products */ = {
			isa = PBXGroup;
			children = (
				FA5EF3CE23DD500F006A9B5A /* testTaskZennex.app */,
			);
			name = Products;
			sourceTree = "<group>";
		};
		FA5EF3D023DD500F006A9B5A /* testTaskZennex */ = {
			isa = PBXGroup;
			children = (
				FA5EF3F623E09A90006A9B5A /* Galery */,
				FA5EF3E523DD502C006A9B5A /* Staff */,
				FA5EF3E623DD5057006A9B5A /* SuppotrFiles */,
				FA5EF3E723DD506A006A9B5A /* iBulder */,
				FA5EF3EF23DD53D3006A9B5A /* .gitignore */,
			);
			path = testTaskZennex;
			sourceTree = "<group>";
		};
		FA5EF3E523DD502C006A9B5A /* Staff */ = {
			isa = PBXGroup;
			children = (
				FA5EF3F323DD869F006A9B5A /* Helpers */,
				FA5EF3EA23DD508F006A9B5A /* Models */,
				FA5EF3E923DD5085006A9B5A /* View */,
				FA5EF3E823DD5079006A9B5A /* Controllers */,
			);
			name = Staff;
			sourceTree = "<group>";
		};
		FA5EF3E623DD5057006A9B5A /* SuppotrFiles */ = {
			isa = PBXGroup;
			children = (
				FA5EF3D123DD500F006A9B5A /* AppDelegate.swift */,
				FA5EF3D323DD500F006A9B5A /* SceneDelegate.swift */,
				FA5EF3DF23DD5012006A9B5A /* Info.plist */,
			);
			name = SuppotrFiles;
			sourceTree = "<group>";
		};
		FA5EF3E723DD506A006A9B5A /* iBulder */ = {
			isa = PBXGroup;
			children = (
				FA5EF3D723DD500F006A9B5A /* Main.storyboard */,
				FA5EF3DA23DD5012006A9B5A /* Assets.xcassets */,
				FA5EF3DC23DD5012006A9B5A /* LaunchScreen.storyboard */,
			);
			name = iBulder;
			sourceTree = "<group>";
		};
		FA5EF3E823DD5079006A9B5A /* Controllers */ = {
			isa = PBXGroup;
			children = (
				FA5EF3D523DD500F006A9B5A /* MainViewController.swift */,
				FA5EF3F123DD7BB6006A9B5A /* NewWorkerViewController.swift */,
			);
			name = Controllers;
			sourceTree = "<group>";
		};
		FA5EF3E923DD5085006A9B5A /* View */ = {
			isa = PBXGroup;
			children = (
				FA5EF3EB23DD5246006A9B5A /* StaffTableViewCell.swift */,
			);
			path = View;
			sourceTree = "<group>";
		};
		FA5EF3EA23DD508F006A9B5A /* Models */ = {
			isa = PBXGroup;
			children = (
				FA5EF3ED23DD52D8006A9B5A /* WorkersModel.swift */,
			);
			name = Models;
			sourceTree = "<group>";
		};
		FA5EF3F323DD869F006A9B5A /* Helpers */ = {
			isa = PBXGroup;
			children = (
				FA5EF3F423DD86B0006A9B5A /* StorageManager.swift */,
			);
			path = Helpers;
			sourceTree = "<group>";
		};
		FA5EF3F623E09A90006A9B5A /* Galery */ = {
			isa = PBXGroup;
			children = (
			);
			path = Galery;
			sourceTree = "<group>";
		};
		FE6FDBE49231A13875E79C8A /* Frameworks */ = {
			isa = PBXGroup;
			children = (
				F7C5826BDBDC64C035093D23 /* Pods_testTaskZennex.framework */,
			);
			name = Frameworks;
			sourceTree = "<group>";
		};
/* End PBXGroup section */

/* Begin PBXNativeTarget section */
		FA5EF3CD23DD500F006A9B5A /* testTaskZennex */ = {
			isa = PBXNativeTarget;
			buildConfigurationList = FA5EF3E223DD5012006A9B5A /* Build configuration list for PBXNativeTarget "testTaskZennex" */;
			buildPhases = (
				F4AD0850BBC45BF8DEC70341 /* [CP] Check Pods Manifest.lock */,
				FA5EF3CA23DD500F006A9B5A /* Sources */,
				FA5EF3CB23DD500F006A9B5A /* Frameworks */,
				FA5EF3CC23DD500F006A9B5A /* Resources */,
				11B6222D9A2C49BD03EBF213 /* [CP] Embed Pods Frameworks */,
			);
			buildRules = (
			);
			dependencies = (
			);
			name = testTaskZennex;
			productName = testTaskZennex;
			productReference = FA5EF3CE23DD500F006A9B5A /* testTaskZennex.app */;
			productType = "com.apple.product-type.application";
		};
/* End PBXNativeTarget section */

/* Begin PBXProject section */
		FA5EF3C623DD500F006A9B5A /* Project object */ = {
			isa = PBXProject;
			attributes = {
				LastSwiftUpdateCheck = 1120;
				LastUpgradeCheck = 1120;
				ORGANIZATIONNAME = "Radmir Dzhurabaev";
				TargetAttributes = {
					FA5EF3CD23DD500F006A9B5A = {
						CreatedOnToolsVersion = 11.2.1;
					};
				};
			};
			buildConfigurationList = FA5EF3C923DD500F006A9B5A /* Build configuration list for PBXProject "testTaskZennex" */;
			compatibilityVersion = "Xcode 9.3";
			developmentRegion = en;
			hasScannedForEncodings = 0;
			knownRegions = (
				en,
				Base,
			);
			mainGroup = FA5EF3C523DD500F006A9B5A;
			productRefGroup = FA5EF3CF23DD500F006A9B5A /* Products */;
			projectDirPath = "";
			projectRoot = "";
			targets = (
				FA5EF3CD23DD500F006A9B5A /* testTaskZennex */,
			);
		};
/* End PBXProject section */

/* Begin PBXResourcesBuildPhase section */
		FA5EF3CC23DD500F006A9B5A /* Resources */ = {
			isa = PBXResourcesBuildPhase;
			buildActionMask = 2147483647;
			files = (
				FA5EF3F023DD53D3006A9B5A /* .gitignore in Resources */,
				FA5EF3DE23DD5012006A9B5A /* LaunchScreen.storyboard in Resources */,
				FA5EF3DB23DD5012006A9B5A /* Assets.xcassets in Resources */,
				FA5EF3D923DD500F006A9B5A /* Main.storyboard in Resources */,
			);
			runOnlyForDeploymentPostprocessing = 0;
		};
/* End PBXResourcesBuildPhase section */

/* Begin PBXShellScriptBuildPhase section */
		11B6222D9A2C49BD03EBF213 /* [CP] Embed Pods Frameworks */ = {
			isa = PBXShellScriptBuildPhase;
			buildActionMask = 2147483647;
			files = (
			);
			inputFileListPaths = (
				"${PODS_ROOT}/Target Support Files/Pods-testTaskZennex/Pods-testTaskZennex-frameworks-${CONFIGURATION}-input-files.xcfilelist",
			);
			name = "[CP] Embed Pods Frameworks";
			outputFileListPaths = (
				"${PODS_ROOT}/Target Support Files/Pods-testTaskZennex/Pods-testTaskZennex-frameworks-${CONFIGURATION}-output-files.xcfilelist",
			);
			runOnlyForDeploymentPostprocessing = 0;
			shellPath = /bin/sh;
			shellScript = "\"${PODS_ROOT}/Target Support Files/Pods-testTaskZennex/Pods-testTaskZennex-frameworks.sh\"\n";
			showEnvVarsInLog = 0;
		};
		F4AD0850BBC45BF8DEC70341 /* [CP] Check Pods Manifest.lock */ = {
			isa = PBXShellScriptBuildPhase;
			buildActionMask = 2147483647;
			files = (
			);
			inputFileListPaths = (
			);
			inputPaths = (
				"${PODS_PODFILE_DIR_PATH}/Podfile.lock",
				"${PODS_ROOT}/Manifest.lock",
			);
			name = "[CP] Check Pods Manifest.lock";
			outputFileListPaths = (
			);
			outputPaths = (
				"$(DERIVED_FILE_DIR)/Pods-testTaskZennex-checkManifestLockResult.txt",
			);
			runOnlyForDeploymentPostprocessing = 0;
			shellPath = /bin/sh;
			shellScript = "diff \"${PODS_PODFILE_DIR_PATH}/Podfile.lock\" \"${PODS_ROOT}/Manifest.lock\" > /dev/null\nif [ $? != 0 ] ; then\n    # print error to STDERR\n    echo \"error: The sandbox is not in sync with the Podfile.lock. Run 'pod install' or update your CocoaPods installation.\" >&2\n    exit 1\nfi\n# This output is used by Xcode 'outputs' to avoid re-running this script phase.\necho \"SUCCESS\" > \"${SCRIPT_OUTPUT_FILE_0}\"\n";
			showEnvVarsInLog = 0;
		};
/* End PBXShellScriptBuildPhase section */

/* Begin PBXSourcesBuildPhase section */
		FA5EF3CA23DD500F006A9B5A /* Sources */ = {
			isa = PBXSourcesBuildPhase;
			buildActionMask = 2147483647;
			files = (
				FA5EF3D623DD500F006A9B5A /* MainViewController.swift in Sources */,
				FA5EF3D223DD500F006A9B5A /* AppDelegate.swift in Sources */,
				FA5EF3EC23DD5246006A9B5A /* StaffTableViewCell.swift in Sources */,
				FA5EF3F523DD86B0006A9B5A /* StorageManager.swift in Sources */,
				FA5EF3D423DD500F006A9B5A /* SceneDelegate.swift in Sources */,
				FA5EF3EE23DD52D8006A9B5A /* WorkersModel.swift in Sources */,
				FA5EF3F223DD7BB6006A9B5A /* NewWorkerViewController.swift in Sources */,
			);
			runOnlyForDeploymentPostprocessing = 0;
		};
/* End PBXSourcesBuildPhase section */

/* Begin PBXVariantGroup section */
		FA5EF3D723DD500F006A9B5A /* Main.storyboard */ = {
			isa = PBXVariantGroup;
			children = (
				FA5EF3D823DD500F006A9B5A /* Base */,
			);
			name = Main.storyboard;
			sourceTree = "<group>";
		};
		FA5EF3DC23DD5012006A9B5A /* LaunchScreen.storyboard */ = {
			isa = PBXVariantGroup;
			children = (
				FA5EF3DD23DD5012006A9B5A /* Base */,
			);
			name = LaunchScreen.storyboard;
			sourceTree = "<group>";
		};
/* End PBXVariantGroup section */

/* Begin XCBuildConfiguration section */
		FA5EF3E023DD5012006A9B5A /* Debug */ = {
			isa = XCBuildConfiguration;
			buildSettings = {
				ALWAYS_SEARCH_USER_PATHS = NO;
				CLANG_ANALYZER_NONNULL = YES;
				CLANG_ANALYZER_NUMBER_OBJECT_CONVERSION = YES_AGGRESSIVE;
				CLANG_CXX_LANGUAGE_STANDARD = "gnu++14";
				CLANG_CXX_LIBRARY = "libc++";
				CLANG_ENABLE_MODULES = YES;
				CLANG_ENABLE_OBJC_ARC = YES;
				CLANG_ENABLE_OBJC_WEAK = YES;
				CLANG_WARN_BLOCK_CAPTURE_AUTORELEASING = YES;
				CLANG_WARN_BOOL_CONVERSION = YES;
				CLANG_WARN_COMMA = YES;
				CLANG_WARN_CONSTANT_CONVERSION = YES;
				CLANG_WARN_DEPRECATED_OBJC_IMPLEMENTATIONS = YES;
				CLANG_WARN_DIRECT_OBJC_ISA_USAGE = YES_ERROR;
				CLANG_WARN_DOCUMENTATION_COMMENTS = YES;
				CLANG_WARN_EMPTY_BODY = YES;
				CLANG_WARN_ENUM_CONVERSION = YES;
				CLANG_WARN_INFINITE_RECURSION = YES;
				CLANG_WARN_INT_CONVERSION = YES;
				CLANG_WARN_NON_LITERAL_NULL_CONVERSION = YES;
				CLANG_WARN_OBJC_IMPLICIT_RETAIN_SELF = YES;
				CLANG_WARN_OBJC_LITERAL_CONVERSION = YES;
				CLANG_WARN_OBJC_ROOT_CLASS = YES_ERROR;
				CLANG_WARN_RANGE_LOOP_ANALYSIS = YES;
				CLANG_WARN_STRICT_PROTOTYPES = YES;
				CLANG_WARN_SUSPICIOUS_MOVE = YES;
				CLANG_WARN_UNGUARDED_AVAILABILITY = YES_AGGRESSIVE;
				CLANG_WARN_UNREACHABLE_CODE = YES;
				CLANG_WARN__DUPLICATE_METHOD_MATCH = YES;
				COPY_PHASE_STRIP = NO;
				DEBUG_INFORMATION_FORMAT = dwarf;
				ENABLE_STRICT_OBJC_MSGSEND = YES;
				ENABLE_TESTABILITY = YES;
				GCC_C_LANGUAGE_STANDARD = gnu11;
				GCC_DYNAMIC_NO_PIC = NO;
				GCC_NO_COMMON_BLOCKS = YES;
				GCC_OPTIMIZATION_LEVEL = 0;
				GCC_PREPROCESSOR_DEFINITIONS = (
					"DEBUG=1",
					"$(inherited)",
				);
				GCC_WARN_64_TO_32_BIT_CONVERSION = YES;
				GCC_WARN_ABOUT_RETURN_TYPE = YES_ERROR;
				GCC_WARN_UNDECLARED_SELECTOR = YES;
				GCC_WARN_UNINITIALIZED_AUTOS = YES_AGGRESSIVE;
				GCC_WARN_UNUSED_FUNCTION = YES;
				GCC_WARN_UNUSED_VARIABLE = YES;
				IPHONEOS_DEPLOYMENT_TARGET = 13.2;
				MTL_ENABLE_DEBUG_INFO = INCLUDE_SOURCE;
				MTL_FAST_MATH = YES;
				ONLY_ACTIVE_ARCH = YES;
				SDKROOT = iphoneos;
				SWIFT_ACTIVE_COMPILATION_CONDITIONS = DEBUG;
				SWIFT_OPTIMIZATION_LEVEL = "-Onone";
			};
			name = Debug;
		};
		FA5EF3E123DD5012006A9B5A /* Release */ = {
			isa = XCBuildConfiguration;
			buildSettings = {
				ALWAYS_SEARCH_USER_PATHS = NO;
				CLANG_ANALYZER_NONNULL = YES;
				CLANG_ANALYZER_NUMBER_OBJECT_CONVERSION = YES_AGGRESSIVE;
				CLANG_CXX_LANGUAGE_STANDARD = "gnu++14";
				CLANG_CXX_LIBRARY = "libc++";
				CLANG_ENABLE_MODULES = YES;
				CLANG_ENABLE_OBJC_ARC = YES;
				CLANG_ENABLE_OBJC_WEAK = YES;
				CLANG_WARN_BLOCK_CAPTURE_AUTORELEASING = YES;
				CLANG_WARN_BOOL_CONVERSION = YES;
				CLANG_WARN_COMMA = YES;
				CLANG_WARN_CONSTANT_CONVERSION = YES;
				CLANG_WARN_DEPRECATED_OBJC_IMPLEMENTATIONS = YES;
				CLANG_WARN_DIRECT_OBJC_ISA_USAGE = YES_ERROR;
				CLANG_WARN_DOCUMENTATION_COMMENTS = YES;
				CLANG_WARN_EMPTY_BODY = YES;
				CLANG_WARN_ENUM_CONVERSION = YES;
				CLANG_WARN_INFINITE_RECURSION = YES;
				CLANG_WARN_INT_CONVERSION = YES;
				CLANG_WARN_NON_LITERAL_NULL_CONVERSION = YES;
				CLANG_WARN_OBJC_IMPLICIT_RETAIN_SELF = YES;
				CLANG_WARN_OBJC_LITERAL_CONVERSION = YES;
				CLANG_WARN_OBJC_ROOT_CLASS = YES_ERROR;
				CLANG_WARN_RANGE_LOOP_ANALYSIS = YES;
				CLANG_WARN_STRICT_PROTOTYPES = YES;
				CLANG_WARN_SUSPICIOUS_MOVE = YES;
				CLANG_WARN_UNGUARDED_AVAILABILITY = YES_AGGRESSIVE;
				CLANG_WARN_UNREACHABLE_CODE = YES;
				CLANG_WARN__DUPLICATE_METHOD_MATCH = YES;
				COPY_PHASE_STRIP = NO;
				DEBUG_INFORMATION_FORMAT = "dwarf-with-dsym";
				ENABLE_NS_ASSERTIONS = NO;
				ENABLE_STRICT_OBJC_MSGSEND = YES;
				GCC_C_LANGUAGE_STANDARD = gnu11;
				GCC_NO_COMMON_BLOCKS = YES;
				GCC_WARN_64_TO_32_BIT_CONVERSION = YES;
				GCC_WARN_ABOUT_RETURN_TYPE = YES_ERROR;
				GCC_WARN_UNDECLARED_SELECTOR = YES;
				GCC_WARN_UNINITIALIZED_AUTOS = YES_AGGRESSIVE;
				GCC_WARN_UNUSED_FUNCTION = YES;
				GCC_WARN_UNUSED_VARIABLE = YES;
				IPHONEOS_DEPLOYMENT_TARGET = 13.2;
				MTL_ENABLE_DEBUG_INFO = NO;
				MTL_FAST_MATH = YES;
				SDKROOT = iphoneos;
				SWIFT_COMPILATION_MODE = wholemodule;
				SWIFT_OPTIMIZATION_LEVEL = "-O";
				VALIDATE_PRODUCT = YES;
			};
			name = Release;
		};
		FA5EF3E323DD5012006A9B5A /* Debug */ = {
			isa = XCBuildConfiguration;
			baseConfigurationReference = 4CD577F9F24551842A9F3B45 /* Pods-testTaskZennex.debug.xcconfig */;
			buildSettings = {
				ASSETCATALOG_COMPILER_APPICON_NAME = AppIcon;
				CODE_SIGN_STYLE = Automatic;
				DEVELOPMENT_TEAM = 8SP3T43687;
				INFOPLIST_FILE = testTaskZennex/Info.plist;
				LD_RUNPATH_SEARCH_PATHS = (
					"$(inherited)",
					"@executable_path/Frameworks",
				);
				PRODUCT_BUNDLE_IDENTIFIER = none.testTaskZennex;
				PRODUCT_NAME = "$(TARGET_NAME)";
				SWIFT_VERSION = 5.0;
				TARGETED_DEVICE_FAMILY = "1,2";
			};
			name = Debug;
		};
		FA5EF3E423DD5012006A9B5A /* Release */ = {
			isa = XCBuildConfiguration;
			baseConfigurationReference = C48CE78BBD6871D6358DF534 /* Pods-testTaskZennex.release.xcconfig */;
			buildSettings = {
				ASSETCATALOG_COMPILER_APPICON_NAME = AppIcon;
				CODE_SIGN_STYLE = Automatic;
				DEVELOPMENT_TEAM = 8SP3T43687;
				INFOPLIST_FILE = testTaskZennex/Info.plist;
				LD_RUNPATH_SEARCH_PATHS = (
					"$(inherited)",
					"@executable_path/Frameworks",
				);
				PRODUCT_BUNDLE_IDENTIFIER = none.testTaskZennex;
				PRODUCT_NAME = "$(TARGET_NAME)";
				SWIFT_VERSION = 5.0;
				TARGETED_DEVICE_FAMILY = "1,2";
			};
			name = Release;
		};
/* End XCBuildConfiguration section */

/* Begin XCConfigurationList section */
		FA5EF3C923DD500F006A9B5A /* Build configuration list for PBXProject "testTaskZennex" */ = {
			isa = XCConfigurationList;
			buildConfigurations = (
				FA5EF3E023DD5012006A9B5A /* Debug */,
				FA5EF3E123DD5012006A9B5A /* Release */,
			);
			defaultConfigurationIsVisible = 0;
			defaultConfigurationName = Release;
		};
		FA5EF3E223DD5012006A9B5A /* Build configuration list for PBXNativeTarget "testTaskZennex" */ = {
			isa = XCConfigurationList;
			buildConfigurations = (
				FA5EF3E323DD5012006A9B5A /* Debug */,
				FA5EF3E423DD5012006A9B5A /* Release */,
			);
			defaultConfigurationIsVisible = 0;
			defaultConfigurationName = Release;
		};
/* End XCConfigurationList section */
	};
	rootObject = FA5EF3C623DD500F006A9B5A /* Project object */;
}
